
Microsoft Visual Studio Solution File, Format Version 12.00
# Visual Studio 2013
VisualStudioVersion = 12.0.21005.1
MinimumVisualStudioVersion = 10.0.40219.1
Project("{FAE04EC0-301F-11D3-BF4B-00C04F79EFBC}") = "CapaDatos", "CapaDatos\CapaDatos.csproj", "{7EEE3C6E-5B0A-4E4E-9EC5-4BF867CA5F46}"
EndProject
Project("{FAE04EC0-301F-11D3-BF4B-00C04F79EFBC}") = "CapaEntidad", "CapaEntidad\CapaEntidad.csproj", "{7460A24D-6BAB-4545-BB50-91928301BB02}"
EndProject
Project("{FAE04EC0-301F-11D3-BF4B-00C04F79EFBC}") = "CapaNegocio", "CapaNegocio\CapaNegocio.csproj", "{916CD51F-E329-497B-8639-67F97F04855E}"
EndProject
Project("{FAE04EC0-301F-11D3-BF4B-00C04F79EFBC}") = "CapaPresentacion", "CapaPresentacion\CapaPresentacion.csproj", "{791FF546-A795-4DA9-B5F6-CE689C0979B9}"
EndProject
Global
	GlobalSection(SolutionConfigurationPlatforms) = preSolution
		Debug|Any CPU = Debug|Any CPU
		Release|Any CPU = Release|Any CPU
	EndGlobalSection
	GlobalSection(ProjectConfigurationPlatforms) = postSolution
		{7EEE3C6E-5B0A-4E4E-9EC5-4BF867CA5F46}.Debug|Any CPU.ActiveCfg = Debug|Any CPU
		{7EEE3C6E-5B0A-4E4E-9EC5-4BF867CA5F46}.Debug|Any CPU.Build.0 = Debug|Any CPU
		{7EEE3C6E-5B0A-4E4E-9EC5-4BF867CA5F46}.Release|Any CPU.ActiveCfg = Release|Any CPU
		{7EEE3C6E-5B0A-4E4E-9EC5-4BF867CA5F46}.Release|Any CPU.Build.0 = Release|Any CPU
		{7460A24D-6BAB-4545-BB50-91928301BB02}.Debug|Any CPU.ActiveCfg = Debug|Any CPU
		{7460A24D-6BAB-4545-BB50-91928301BB02}.Debug|Any CPU.Build.0 = Debug|Any CPU
		{7460A24D-6BAB-4545-BB50-91928301BB02}.Release|Any CPU.ActiveCfg = Release|Any CPU
		{7460A24D-6BAB-4545-BB50-91928301BB02}.Release|Any CPU.Build.0 = Release|Any CPU
		{916CD51F-E329-497B-8639-67F97F04855E}.Debug|Any CPU.ActiveCfg = Debug|Any CPU
		{916CD51F-E329-497B-8639-67F97F04855E}.Debug|Any CPU.Build.0 = Debug|Any CPU
		{916CD51F-E329-497B-8639-67F97F04855E}.Release|Any CPU.ActiveCfg = Release|Any CPU
		{916CD51F-E329-497B-8639-67F97F04855E}.Release|Any CPU.Build.0 = Release|Any CPU
		{791FF546-A795-4DA9-B5F6-CE689C0979B9}.Debug|Any CPU.ActiveCfg = Debug|Any CPU
		{791FF546-A795-4DA9-B5F6-CE689C0979B9}.Debug|Any CPU.Build.0 = Debug|Any CPU
		{791FF546-A795-4DA9-B5F6-CE689C0979B9}.Release|Any CPU.ActiveCfg = Release|Any CPU
		{791FF546-A795-4DA9-B5F6-CE689C0979B9}.Release|Any CPU.Build.0 = Release|Any CPU
	EndGlobalSection
	GlobalSection(SolutionProperties) = preSolution
		HideSolutionNode = FALSE
	EndGlobalSection
EndGlobal
